PODS:
  - filesaverplus (0.0.5):
    - Flutter
  - Flutter (1.0.0)

DEPENDENCIES:
  - filesaverplus (from `.symlinks/plugins/filesaverplus/ios`)
  - Flutter (from `Flutter`)

EXTERNAL SOURCES:
  filesaverplus:
    :path: ".symlinks/plugins/filesaverplus/ios"
  Flutter:
    :path: Flutter

SPEC CHECKSUMS:
  filesaverplus: 47e074f10f07f10b218035a406686cf2bf13ae52
  Flutter: cabc95a1d2626b1b06e7179b784ebcf0c0cde467

PODFILE CHECKSUM: 251cb053df7158f337c0712f2ab29f4e0fa474ce

COCOAPODS: 1.16.2
